
Microsoft Visual Studio Solution File, Format Version 12.00
# Visual Studio Version 16
VisualStudioVersion = 16.0.32413.511
MinimumVisualStudioVersion = 10.0.40219.1
Project("{FAE04EC0-301F-11D3-BF4B-00C04F79EFBC}") = "datadrivenTest", "datadrivenTest\datadrivenTest.csproj", "{11F9DD95-B33B-4DD4-B4AD-3FC8EBBA2CDB}"
EndProject
Global
	GlobalSection(SolutionConfigurationPlatforms) = preSolution
		Debug|Any CPU = Debug|Any CPU
		Release|Any CPU = Release|Any CPU
	EndGlobalSection
	GlobalSection(ProjectConfigurationPlatforms) = postSolution
		{11F9DD95-B33B-4DD4-B4AD-3FC8EBBA2CDB}.Debug|Any CPU.ActiveCfg = Debug|Any CPU
		{11F9DD95-B33B-4DD4-B4AD-3FC8EBBA2CDB}.Debug|Any CPU.Build.0 = Debug|Any CPU
		{11F9DD95-B33B-4DD4-B4AD-3FC8EBBA2CDB}.Release|Any CPU.ActiveCfg = Release|Any CPU
		{11F9DD95-B33B-4DD4-B4AD-3FC8EBBA2CDB}.Release|Any CPU.Build.0 = Release|Any CPU
	EndGlobalSection
	GlobalSection(SolutionProperties) = preSolution
		HideSolutionNode = FALSE
	EndGlobalSection
	GlobalSection(ExtensibilityGlobals) = postSolution
		SolutionGuid = {B9936AA0-D087-4956-A08A-E5FC6370D72C}
	EndGlobalSection
EndGlobal
